
Microsoft Visual Studio Solution File, Format Version 12.00
# Visual Studio Version 17
VisualStudioVersion = 17.2.32519.379
MinimumVisualStudioVersion = 10.0.40219.1
Project("{FAE04EC0-301F-11D3-BF4B-00C04F79EFBC}") = "PryVelezFunesParcialEstructura", "PryVelezFunesParcialEstructura\PryVelezFunesParcialEstructura.csproj", "{1BFF98FA-8AA5-4BFB-9AF2-555F99BE90EF}"
EndProject
Global
	GlobalSection(SolutionConfigurationPlatforms) = preSolution
		Debug|Any CPU = Debug|Any CPU
		Release|Any CPU = Release|Any CPU
	EndGlobalSection
	GlobalSection(ProjectConfigurationPlatforms) = postSolution
		{1BFF98FA-8AA5-4BFB-9AF2-555F99BE90EF}.Debug|Any CPU.ActiveCfg = Debug|Any CPU
		{1BFF98FA-8AA5-4BFB-9AF2-555F99BE90EF}.Debug|Any CPU.Build.0 = Debug|Any CPU
		{1BFF98FA-8AA5-4BFB-9AF2-555F99BE90EF}.Release|Any CPU.ActiveCfg = Release|Any CPU
		{1BFF98FA-8AA5-4BFB-9AF2-555F99BE90EF}.Release|Any CPU.Build.0 = Release|Any CPU
	EndGlobalSection
	GlobalSection(SolutionProperties) = preSolution
		HideSolutionNode = FALSE
	EndGlobalSection
	GlobalSection(ExtensibilityGlobals) = postSolution
		SolutionGuid = {1576DC4D-6B0E-4D0A-9200-39C044E6E383}
	EndGlobalSection
EndGlobal
